
Microsoft Visual Studio Solution File, Format Version 12.00
# Visual Studio Version 16
VisualStudioVersion = 16.0.29201.188
MinimumVisualStudioVersion = 10.0.40219.1
Project("{D954291E-2A0B-460D-934E-DC6B0785DB48}") = "Config Handling.Net Source", "Config-Handling.Net Source\Config Handling.Net Source.shproj", "{7BE2B6AC-C642-4C82-9BB6-49C280B21A6D}"
EndProject
Project("{FAE04EC0-301F-11D3-BF4B-00C04F79EFBC}") = "Config-Handling.Net", "Config-Handling.Net\Config-Handling.Net.csproj", "{77383926-016E-4E81-BBD4-724BD6E6FFA8}"
EndProject
Project("{9A19103F-16F7-4668-BE54-9A1E7A4F7556}") = "Config-Handling.Net Core", "Config-Handling.Net Core\Config-Handling.Net Core.csproj", "{1E5C4A78-9826-45B7-A924-6C8F7B00F1BF}"
EndProject
Project("{2150E333-8FDC-42A3-9474-1A3956D46DE8}") = "Solution Items", "Solution Items", "{FD6CECFD-07E0-438F-89E7-4417165ACD25}"
	ProjectSection(SolutionItems) = preProject
		Documentation\BaseConfig.md = Documentation\BaseConfig.md
		Documentation\ConfigObjects.md = Documentation\ConfigObjects.md
		Documentation\Configurating the system.md = Documentation\Configurating the system.md
		Documentation\ExampleConfig.cs = Documentation\ExampleConfig.cs
		Documentation\INewConfig.md = Documentation\INewConfig.md
		LICENSE.txt = LICENSE.txt
		Documentation\Problems.md = Documentation\Problems.md
		README.md = README.md
	EndProjectSection
EndProject
Global
	GlobalSection(SharedMSBuildProjectFiles) = preSolution
		Config-Handling.Net Source\Config Handling.Net - Csharp Source.projitems*{77383926-016e-4e81-bbd4-724bd6e6ffa8}*SharedItemsImports = 4
		Config-Handling.Net Source\Config Handling.Net - Csharp Source.projitems*{7be2b6ac-c642-4c82-9bb6-49c280b21a6d}*SharedItemsImports = 13
	EndGlobalSection
	GlobalSection(SolutionConfigurationPlatforms) = preSolution
		Debug|Any CPU = Debug|Any CPU
		Debug|x64 = Debug|x64
		Debug|x86 = Debug|x86
		Release|Any CPU = Release|Any CPU
		Release|x64 = Release|x64
		Release|x86 = Release|x86
	EndGlobalSection
	GlobalSection(ProjectConfigurationPlatforms) = postSolution
		{77383926-016E-4E81-BBD4-724BD6E6FFA8}.Debug|Any CPU.ActiveCfg = Debug|Any CPU
		{77383926-016E-4E81-BBD4-724BD6E6FFA8}.Debug|Any CPU.Build.0 = Debug|Any CPU
		{77383926-016E-4E81-BBD4-724BD6E6FFA8}.Debug|x64.ActiveCfg = Debug|x64
		{77383926-016E-4E81-BBD4-724BD6E6FFA8}.Debug|x64.Build.0 = Debug|x64
		{77383926-016E-4E81-BBD4-724BD6E6FFA8}.Debug|x86.ActiveCfg = Debug|x86
		{77383926-016E-4E81-BBD4-724BD6E6FFA8}.Debug|x86.Build.0 = Debug|x86
		{77383926-016E-4E81-BBD4-724BD6E6FFA8}.Release|Any CPU.ActiveCfg = Release|Any CPU
		{77383926-016E-4E81-BBD4-724BD6E6FFA8}.Release|Any CPU.Build.0 = Release|Any CPU
		{77383926-016E-4E81-BBD4-724BD6E6FFA8}.Release|x64.ActiveCfg = Release|x64
		{77383926-016E-4E81-BBD4-724BD6E6FFA8}.Release|x64.Build.0 = Release|x64
		{77383926-016E-4E81-BBD4-724BD6E6FFA8}.Release|x86.ActiveCfg = Release|x86
		{77383926-016E-4E81-BBD4-724BD6E6FFA8}.Release|x86.Build.0 = Release|x86
		{1E5C4A78-9826-45B7-A924-6C8F7B00F1BF}.Debug|Any CPU.ActiveCfg = Debug|Any CPU
		{1E5C4A78-9826-45B7-A924-6C8F7B00F1BF}.Debug|Any CPU.Build.0 = Debug|Any CPU
		{1E5C4A78-9826-45B7-A924-6C8F7B00F1BF}.Debug|x64.ActiveCfg = Debug|x64
		{1E5C4A78-9826-45B7-A924-6C8F7B00F1BF}.Debug|x64.Build.0 = Debug|x64
		{1E5C4A78-9826-45B7-A924-6C8F7B00F1BF}.Debug|x86.ActiveCfg = Debug|x86
		{1E5C4A78-9826-45B7-A924-6C8F7B00F1BF}.Debug|x86.Build.0 = Debug|x86
		{1E5C4A78-9826-45B7-A924-6C8F7B00F1BF}.Release|Any CPU.ActiveCfg = Release|Any CPU
		{1E5C4A78-9826-45B7-A924-6C8F7B00F1BF}.Release|Any CPU.Build.0 = Release|Any CPU
		{1E5C4A78-9826-45B7-A924-6C8F7B00F1BF}.Release|x64.ActiveCfg = Release|x64
		{1E5C4A78-9826-45B7-A924-6C8F7B00F1BF}.Release|x64.Build.0 = Release|x64
		{1E5C4A78-9826-45B7-A924-6C8F7B00F1BF}.Release|x86.ActiveCfg = Release|x86
		{1E5C4A78-9826-45B7-A924-6C8F7B00F1BF}.Release|x86.Build.0 = Release|x86
	EndGlobalSection
	GlobalSection(SolutionProperties) = preSolution
		HideSolutionNode = FALSE
	EndGlobalSection
	GlobalSection(ExtensibilityGlobals) = postSolution
		SolutionGuid = {6070D33A-069E-4D11-B844-6B794530F980}
	EndGlobalSection
EndGlobal
