
Microsoft Visual Studio Solution File, Format Version 12.00
# Visual Studio Version 16
VisualStudioVersion = 16.0.29201.188
MinimumVisualStudioVersion = 10.0.40219.1
Project("{2150E333-8FDC-42A3-9474-1A3956D46DE8}") = "Solution Items", "Solution Items", "{FD6CECFD-07E0-438F-89E7-4417165ACD25}"
	ProjectSection(SolutionItems) = preProject
		LICENSE.txt = LICENSE.txt
		README.md = README.md
	EndProjectSection
EndProject
Project("{2150E333-8FDC-42A3-9474-1A3956D46DE8}") = "Tests", "Tests", "{0BBFBE24-89D4-4D6B-B775-EBEC0B2F65FB}"
EndProject
Project("{2150E333-8FDC-42A3-9474-1A3956D46DE8}") = "API", "API", "{3D19909E-B3A0-4E51-951E-0D813A992A81}"
EndProject
Project("{FAE04EC0-301F-11D3-BF4B-00C04F79EFBC}") = "Framework4.8", "API\Framework4.8\Framework4.8.csproj", "{9B91C88F-52FF-42A9-83B6-2AED5D94249C}"
EndProject
Project("{9A19103F-16F7-4668-BE54-9A1E7A4F7556}") = "NetCore3.0", "API\NetCore3.0\NetCore3.0.csproj", "{2448FB86-2A8C-4378-BCCB-7FAAF497E8AB}"
EndProject
Project("{9A19103F-16F7-4668-BE54-9A1E7A4F7556}") = "NetCore3.1", "API\NetCore3.1\NetCore3.1.csproj", "{A838D268-CA30-46B3-A412-B2771B63E30B}"
EndProject
Project("{9A19103F-16F7-4668-BE54-9A1E7A4F7556}") = "Standard2.0", "API\Standard2.0\Standard2.0.csproj", "{201D4500-E4BC-46B8-80E9-57FF321BD016}"
EndProject
Project("{9A19103F-16F7-4668-BE54-9A1E7A4F7556}") = "Standard2.1", "API\Standard2.1\Standard2.1.csproj", "{DFAD159A-8060-4398-9256-D928E7D36FAA}"
EndProject
Project("{D954291E-2A0B-460D-934E-DC6B0785DB48}") = "Test - Source", "UnitTest\Test - Source\Test - Source.shproj", "{7C1DFDD9-EFE7-4B43-9B53-D518D8F0B44E}"
EndProject
Project("{9A19103F-16F7-4668-BE54-9A1E7A4F7556}") = "Test.Net Core", "UnitTest\Test.Net Core\Test.Net Core.csproj", "{00A1BBD4-1430-406C-BED3-CD6C204AAB45}"
EndProject
Project("{2150E333-8FDC-42A3-9474-1A3956D46DE8}") = "Source", "Source", "{1DCD4CEB-5B54-4860-BA2A-C2416715A503}"
EndProject
Project("{FAE04EC0-301F-11D3-BF4B-00C04F79EFBC}") = "Test.Net", "UnitTest\Test.Net\Test.Net.csproj", "{27E779D8-96E0-4D62-A499-E57B4B358B58}"
EndProject
Project("{D954291E-2A0B-460D-934E-DC6B0785DB48}") = "Source", "Source\Source.shproj", "{7BE2B6AC-C642-4C82-9BB6-49C280B21A6D}"
EndProject
Project("{2150E333-8FDC-42A3-9474-1A3956D46DE8}") = "Debugger", "Debugger", "{8D8E0230-6DB0-4D89-88B5-9BFE8CB17E30}"
EndProject
Project("{FAE04EC0-301F-11D3-BF4B-00C04F79EFBC}") = "Debugger.Net4.8", "Debugger\Debugger.Net4.8\Debugger.Net4.8.csproj", "{10742EEB-5C82-44DE-9CFC-761D4C992972}"
EndProject
Global
	GlobalSection(SharedMSBuildProjectFiles) = preSolution
		Source\Source.projitems*{00a1bbd4-1430-406c-bed3-cd6c204aab45}*SharedItemsImports = 5
		UnitTest\Test - Source\Test - Source.projitems*{00a1bbd4-1430-406c-bed3-cd6c204aab45}*SharedItemsImports = 5
		Source\Source.projitems*{201d4500-e4bc-46b8-80e9-57ff321bd016}*SharedItemsImports = 5
		Source\Source.projitems*{2448fb86-2a8c-4378-bccb-7faaf497e8ab}*SharedItemsImports = 5
		Source\Source.projitems*{27e779d8-96e0-4d62-a499-e57b4b358b58}*SharedItemsImports = 4
		UnitTest\Test - Source\Test - Source.projitems*{27e779d8-96e0-4d62-a499-e57b4b358b58}*SharedItemsImports = 4
		Source\Source.projitems*{7be2b6ac-c642-4c82-9bb6-49c280b21a6d}*SharedItemsImports = 13
		UnitTest\Test - Source\Test - Source.projitems*{7c1dfdd9-efe7-4b43-9b53-d518d8f0b44e}*SharedItemsImports = 13
		Source\Source.projitems*{9b91c88f-52ff-42a9-83b6-2aed5d94249c}*SharedItemsImports = 4
		Source\Source.projitems*{a838d268-ca30-46b3-a412-b2771b63e30b}*SharedItemsImports = 5
		Source\Source.projitems*{dfad159a-8060-4398-9256-d928e7d36faa}*SharedItemsImports = 5
	EndGlobalSection
	GlobalSection(SolutionConfigurationPlatforms) = preSolution
		Debug|Any CPU = Debug|Any CPU
		Debug|x64 = Debug|x64
		Debug|x86 = Debug|x86
		Release|Any CPU = Release|Any CPU
		Release|x64 = Release|x64
		Release|x86 = Release|x86
	EndGlobalSection
	GlobalSection(ProjectConfigurationPlatforms) = postSolution
		{9B91C88F-52FF-42A9-83B6-2AED5D94249C}.Debug|Any CPU.ActiveCfg = Debug|Any CPU
		{9B91C88F-52FF-42A9-83B6-2AED5D94249C}.Debug|Any CPU.Build.0 = Debug|Any CPU
		{9B91C88F-52FF-42A9-83B6-2AED5D94249C}.Debug|x64.ActiveCfg = Debug|x64
		{9B91C88F-52FF-42A9-83B6-2AED5D94249C}.Debug|x64.Build.0 = Debug|x64
		{9B91C88F-52FF-42A9-83B6-2AED5D94249C}.Debug|x86.ActiveCfg = Debug|x86
		{9B91C88F-52FF-42A9-83B6-2AED5D94249C}.Debug|x86.Build.0 = Debug|x86
		{9B91C88F-52FF-42A9-83B6-2AED5D94249C}.Release|Any CPU.ActiveCfg = Release|Any CPU
		{9B91C88F-52FF-42A9-83B6-2AED5D94249C}.Release|Any CPU.Build.0 = Release|Any CPU
		{9B91C88F-52FF-42A9-83B6-2AED5D94249C}.Release|x64.ActiveCfg = Release|x64
		{9B91C88F-52FF-42A9-83B6-2AED5D94249C}.Release|x64.Build.0 = Release|x64
		{9B91C88F-52FF-42A9-83B6-2AED5D94249C}.Release|x86.ActiveCfg = Release|x86
		{9B91C88F-52FF-42A9-83B6-2AED5D94249C}.Release|x86.Build.0 = Release|x86
		{2448FB86-2A8C-4378-BCCB-7FAAF497E8AB}.Debug|Any CPU.ActiveCfg = Debug|Any CPU
		{2448FB86-2A8C-4378-BCCB-7FAAF497E8AB}.Debug|Any CPU.Build.0 = Debug|Any CPU
		{2448FB86-2A8C-4378-BCCB-7FAAF497E8AB}.Debug|x64.ActiveCfg = Debug|x64
		{2448FB86-2A8C-4378-BCCB-7FAAF497E8AB}.Debug|x64.Build.0 = Debug|x64
		{2448FB86-2A8C-4378-BCCB-7FAAF497E8AB}.Debug|x86.ActiveCfg = Debug|x86
		{2448FB86-2A8C-4378-BCCB-7FAAF497E8AB}.Debug|x86.Build.0 = Debug|x86
		{2448FB86-2A8C-4378-BCCB-7FAAF497E8AB}.Release|Any CPU.ActiveCfg = Release|Any CPU
		{2448FB86-2A8C-4378-BCCB-7FAAF497E8AB}.Release|Any CPU.Build.0 = Release|Any CPU
		{2448FB86-2A8C-4378-BCCB-7FAAF497E8AB}.Release|x64.ActiveCfg = Release|x64
		{2448FB86-2A8C-4378-BCCB-7FAAF497E8AB}.Release|x64.Build.0 = Release|x64
		{2448FB86-2A8C-4378-BCCB-7FAAF497E8AB}.Release|x86.ActiveCfg = Release|x86
		{2448FB86-2A8C-4378-BCCB-7FAAF497E8AB}.Release|x86.Build.0 = Release|x86
		{A838D268-CA30-46B3-A412-B2771B63E30B}.Debug|Any CPU.ActiveCfg = Debug|Any CPU
		{A838D268-CA30-46B3-A412-B2771B63E30B}.Debug|Any CPU.Build.0 = Debug|Any CPU
		{A838D268-CA30-46B3-A412-B2771B63E30B}.Debug|x64.ActiveCfg = Debug|x64
		{A838D268-CA30-46B3-A412-B2771B63E30B}.Debug|x64.Build.0 = Debug|x64
		{A838D268-CA30-46B3-A412-B2771B63E30B}.Debug|x86.ActiveCfg = Debug|x86
		{A838D268-CA30-46B3-A412-B2771B63E30B}.Debug|x86.Build.0 = Debug|x86
		{A838D268-CA30-46B3-A412-B2771B63E30B}.Release|Any CPU.ActiveCfg = Release|Any CPU
		{A838D268-CA30-46B3-A412-B2771B63E30B}.Release|Any CPU.Build.0 = Release|Any CPU
		{A838D268-CA30-46B3-A412-B2771B63E30B}.Release|x64.ActiveCfg = Release|x64
		{A838D268-CA30-46B3-A412-B2771B63E30B}.Release|x64.Build.0 = Release|x64
		{A838D268-CA30-46B3-A412-B2771B63E30B}.Release|x86.ActiveCfg = Release|x86
		{A838D268-CA30-46B3-A412-B2771B63E30B}.Release|x86.Build.0 = Release|x86
		{201D4500-E4BC-46B8-80E9-57FF321BD016}.Debug|Any CPU.ActiveCfg = Debug|Any CPU
		{201D4500-E4BC-46B8-80E9-57FF321BD016}.Debug|Any CPU.Build.0 = Debug|Any CPU
		{201D4500-E4BC-46B8-80E9-57FF321BD016}.Debug|x64.ActiveCfg = Debug|x64
		{201D4500-E4BC-46B8-80E9-57FF321BD016}.Debug|x64.Build.0 = Debug|x64
		{201D4500-E4BC-46B8-80E9-57FF321BD016}.Debug|x86.ActiveCfg = Debug|x86
		{201D4500-E4BC-46B8-80E9-57FF321BD016}.Debug|x86.Build.0 = Debug|x86
		{201D4500-E4BC-46B8-80E9-57FF321BD016}.Release|Any CPU.ActiveCfg = Release|Any CPU
		{201D4500-E4BC-46B8-80E9-57FF321BD016}.Release|Any CPU.Build.0 = Release|Any CPU
		{201D4500-E4BC-46B8-80E9-57FF321BD016}.Release|x64.ActiveCfg = Release|x64
		{201D4500-E4BC-46B8-80E9-57FF321BD016}.Release|x64.Build.0 = Release|x64
		{201D4500-E4BC-46B8-80E9-57FF321BD016}.Release|x86.ActiveCfg = Release|x86
		{201D4500-E4BC-46B8-80E9-57FF321BD016}.Release|x86.Build.0 = Release|x86
		{DFAD159A-8060-4398-9256-D928E7D36FAA}.Debug|Any CPU.ActiveCfg = Debug|Any CPU
		{DFAD159A-8060-4398-9256-D928E7D36FAA}.Debug|Any CPU.Build.0 = Debug|Any CPU
		{DFAD159A-8060-4398-9256-D928E7D36FAA}.Debug|x64.ActiveCfg = Debug|x64
		{DFAD159A-8060-4398-9256-D928E7D36FAA}.Debug|x64.Build.0 = Debug|x64
		{DFAD159A-8060-4398-9256-D928E7D36FAA}.Debug|x86.ActiveCfg = Debug|x86
		{DFAD159A-8060-4398-9256-D928E7D36FAA}.Debug|x86.Build.0 = Debug|x86
		{DFAD159A-8060-4398-9256-D928E7D36FAA}.Release|Any CPU.ActiveCfg = Release|Any CPU
		{DFAD159A-8060-4398-9256-D928E7D36FAA}.Release|Any CPU.Build.0 = Release|Any CPU
		{DFAD159A-8060-4398-9256-D928E7D36FAA}.Release|x64.ActiveCfg = Release|x64
		{DFAD159A-8060-4398-9256-D928E7D36FAA}.Release|x64.Build.0 = Release|x64
		{DFAD159A-8060-4398-9256-D928E7D36FAA}.Release|x86.ActiveCfg = Release|x86
		{DFAD159A-8060-4398-9256-D928E7D36FAA}.Release|x86.Build.0 = Release|x86
		{00A1BBD4-1430-406C-BED3-CD6C204AAB45}.Debug|Any CPU.ActiveCfg = Debug|Any CPU
		{00A1BBD4-1430-406C-BED3-CD6C204AAB45}.Debug|Any CPU.Build.0 = Debug|Any CPU
		{00A1BBD4-1430-406C-BED3-CD6C204AAB45}.Debug|x64.ActiveCfg = Debug|x64
		{00A1BBD4-1430-406C-BED3-CD6C204AAB45}.Debug|x64.Build.0 = Debug|x64
		{00A1BBD4-1430-406C-BED3-CD6C204AAB45}.Debug|x86.ActiveCfg = Debug|x86
		{00A1BBD4-1430-406C-BED3-CD6C204AAB45}.Debug|x86.Build.0 = Debug|x86
		{00A1BBD4-1430-406C-BED3-CD6C204AAB45}.Release|Any CPU.ActiveCfg = Release|Any CPU
		{00A1BBD4-1430-406C-BED3-CD6C204AAB45}.Release|Any CPU.Build.0 = Release|Any CPU
		{00A1BBD4-1430-406C-BED3-CD6C204AAB45}.Release|x64.ActiveCfg = Release|x64
		{00A1BBD4-1430-406C-BED3-CD6C204AAB45}.Release|x64.Build.0 = Release|x64
		{00A1BBD4-1430-406C-BED3-CD6C204AAB45}.Release|x86.ActiveCfg = Release|x86
		{00A1BBD4-1430-406C-BED3-CD6C204AAB45}.Release|x86.Build.0 = Release|x86
		{27E779D8-96E0-4D62-A499-E57B4B358B58}.Debug|Any CPU.ActiveCfg = Debug|Any CPU
		{27E779D8-96E0-4D62-A499-E57B4B358B58}.Debug|Any CPU.Build.0 = Debug|Any CPU
		{27E779D8-96E0-4D62-A499-E57B4B358B58}.Debug|x64.ActiveCfg = Debug|x64
		{27E779D8-96E0-4D62-A499-E57B4B358B58}.Debug|x64.Build.0 = Debug|x64
		{27E779D8-96E0-4D62-A499-E57B4B358B58}.Debug|x86.ActiveCfg = Debug|x86
		{27E779D8-96E0-4D62-A499-E57B4B358B58}.Debug|x86.Build.0 = Debug|x86
		{27E779D8-96E0-4D62-A499-E57B4B358B58}.Release|Any CPU.ActiveCfg = Release|Any CPU
		{27E779D8-96E0-4D62-A499-E57B4B358B58}.Release|Any CPU.Build.0 = Release|Any CPU
		{27E779D8-96E0-4D62-A499-E57B4B358B58}.Release|x64.ActiveCfg = Release|x64
		{27E779D8-96E0-4D62-A499-E57B4B358B58}.Release|x64.Build.0 = Release|x64
		{27E779D8-96E0-4D62-A499-E57B4B358B58}.Release|x86.ActiveCfg = Release|x86
		{27E779D8-96E0-4D62-A499-E57B4B358B58}.Release|x86.Build.0 = Release|x86
		{10742EEB-5C82-44DE-9CFC-761D4C992972}.Debug|Any CPU.ActiveCfg = Debug|Any CPU
		{10742EEB-5C82-44DE-9CFC-761D4C992972}.Debug|Any CPU.Build.0 = Debug|Any CPU
		{10742EEB-5C82-44DE-9CFC-761D4C992972}.Debug|x64.ActiveCfg = Debug|x64
		{10742EEB-5C82-44DE-9CFC-761D4C992972}.Debug|x64.Build.0 = Debug|x64
		{10742EEB-5C82-44DE-9CFC-761D4C992972}.Debug|x86.ActiveCfg = Debug|x86
		{10742EEB-5C82-44DE-9CFC-761D4C992972}.Debug|x86.Build.0 = Debug|x86
		{10742EEB-5C82-44DE-9CFC-761D4C992972}.Release|Any CPU.ActiveCfg = Release|Any CPU
		{10742EEB-5C82-44DE-9CFC-761D4C992972}.Release|Any CPU.Build.0 = Release|Any CPU
		{10742EEB-5C82-44DE-9CFC-761D4C992972}.Release|x64.ActiveCfg = Release|x64
		{10742EEB-5C82-44DE-9CFC-761D4C992972}.Release|x64.Build.0 = Release|x64
		{10742EEB-5C82-44DE-9CFC-761D4C992972}.Release|x86.ActiveCfg = Release|x86
		{10742EEB-5C82-44DE-9CFC-761D4C992972}.Release|x86.Build.0 = Release|x86
	EndGlobalSection
	GlobalSection(SolutionProperties) = preSolution
		HideSolutionNode = FALSE
	EndGlobalSection
	GlobalSection(NestedProjects) = preSolution
		{9B91C88F-52FF-42A9-83B6-2AED5D94249C} = {3D19909E-B3A0-4E51-951E-0D813A992A81}
		{2448FB86-2A8C-4378-BCCB-7FAAF497E8AB} = {3D19909E-B3A0-4E51-951E-0D813A992A81}
		{A838D268-CA30-46B3-A412-B2771B63E30B} = {3D19909E-B3A0-4E51-951E-0D813A992A81}
		{201D4500-E4BC-46B8-80E9-57FF321BD016} = {3D19909E-B3A0-4E51-951E-0D813A992A81}
		{DFAD159A-8060-4398-9256-D928E7D36FAA} = {3D19909E-B3A0-4E51-951E-0D813A992A81}
		{7C1DFDD9-EFE7-4B43-9B53-D518D8F0B44E} = {0BBFBE24-89D4-4D6B-B775-EBEC0B2F65FB}
		{00A1BBD4-1430-406C-BED3-CD6C204AAB45} = {0BBFBE24-89D4-4D6B-B775-EBEC0B2F65FB}
		{27E779D8-96E0-4D62-A499-E57B4B358B58} = {0BBFBE24-89D4-4D6B-B775-EBEC0B2F65FB}
		{7BE2B6AC-C642-4C82-9BB6-49C280B21A6D} = {1DCD4CEB-5B54-4860-BA2A-C2416715A503}
		{10742EEB-5C82-44DE-9CFC-761D4C992972} = {8D8E0230-6DB0-4D89-88B5-9BFE8CB17E30}
	EndGlobalSection
	GlobalSection(ExtensibilityGlobals) = postSolution
		SolutionGuid = {6070D33A-069E-4D11-B844-6B794530F980}
	EndGlobalSection
EndGlobal
